
Microsoft Visual Studio Solution File, Format Version 12.00
# Visual Studio Version 17
VisualStudioVersion = 17.0.31611.283
MinimumVisualStudioVersion = 10.0.40219.1
Project("{2150E333-8FDC-42A3-9474-1A3956D46DE8}") = "Solution Items", "Solution Items", "{2BC3CD07-C4A5-46BD-8130-4FF5C2F93560}"
	ProjectSection(SolutionItems) = preProject
		.editorconfig = .editorconfig
	EndProjectSection
EndProject
Project("{9A19103F-16F7-4668-BE54-9A1E7A4F7556}") = "SubbyNetwork", "SubbyNetwork\SubbyNetwork.csproj", "{DD6DEA7A-1F8A-4163-8020-587D5893735C}"
EndProject
Project("{9A19103F-16F7-4668-BE54-9A1E7A4F7556}") = "Subby.Data", "Subby.Data\Subby.Data.csproj", "{133DB10B-1610-4D79-9B62-901A3797E822}"
EndProject
Global
	GlobalSection(SolutionConfigurationPlatforms) = preSolution
		Debug|Any CPU = Debug|Any CPU
		Release|Any CPU = Release|Any CPU
	EndGlobalSection
	GlobalSection(ProjectConfigurationPlatforms) = postSolution
		{DD6DEA7A-1F8A-4163-8020-587D5893735C}.Debug|Any CPU.ActiveCfg = Debug|Any CPU
		{DD6DEA7A-1F8A-4163-8020-587D5893735C}.Debug|Any CPU.Build.0 = Debug|Any CPU
		{DD6DEA7A-1F8A-4163-8020-587D5893735C}.Debug|Any CPU.Deploy.0 = Debug|Any CPU
		{DD6DEA7A-1F8A-4163-8020-587D5893735C}.Release|Any CPU.ActiveCfg = Release|Any CPU
		{DD6DEA7A-1F8A-4163-8020-587D5893735C}.Release|Any CPU.Build.0 = Release|Any CPU
		{DD6DEA7A-1F8A-4163-8020-587D5893735C}.Release|Any CPU.Deploy.0 = Release|Any CPU
		{133DB10B-1610-4D79-9B62-901A3797E822}.Debug|Any CPU.ActiveCfg = Debug|Any CPU
		{133DB10B-1610-4D79-9B62-901A3797E822}.Debug|Any CPU.Build.0 = Debug|Any CPU
		{133DB10B-1610-4D79-9B62-901A3797E822}.Release|Any CPU.ActiveCfg = Release|Any CPU
		{133DB10B-1610-4D79-9B62-901A3797E822}.Release|Any CPU.Build.0 = Release|Any CPU
	EndGlobalSection
	GlobalSection(SolutionProperties) = preSolution
		HideSolutionNode = FALSE
	EndGlobalSection
	GlobalSection(ExtensibilityGlobals) = postSolution
		SolutionGuid = {61F7FB11-1E47-470C-91E2-47F8143E1572}
	EndGlobalSection
EndGlobal
