
Microsoft Visual Studio Solution File, Format Version 12.00
# Visual Studio Version 17
VisualStudioVersion = 17.2.32408.312
MinimumVisualStudioVersion = 10.0.40219.1
Project("{9A19103F-16F7-4668-BE54-9A1E7A4F7556}") = "Subby.Web.New", "Subby.Web.New.csproj", "{0766FAE4-F13A-4048-95E2-FBC927F87CC3}"
EndProject
Global
	GlobalSection(SolutionConfigurationPlatforms) = preSolution
		Debug|Any CPU = Debug|Any CPU
		Release|Any CPU = Release|Any CPU
	EndGlobalSection
	GlobalSection(ProjectConfigurationPlatforms) = postSolution
		{0766FAE4-F13A-4048-95E2-FBC927F87CC3}.Debug|Any CPU.ActiveCfg = Debug|Any CPU
		{0766FAE4-F13A-4048-95E2-FBC927F87CC3}.Debug|Any CPU.Build.0 = Debug|Any CPU
		{0766FAE4-F13A-4048-95E2-FBC927F87CC3}.Release|Any CPU.ActiveCfg = Release|Any CPU
		{0766FAE4-F13A-4048-95E2-FBC927F87CC3}.Release|Any CPU.Build.0 = Release|Any CPU
	EndGlobalSection
	GlobalSection(SolutionProperties) = preSolution
		HideSolutionNode = FALSE
	EndGlobalSection
	GlobalSection(ExtensibilityGlobals) = postSolution
		SolutionGuid = {5F4887AA-CFB2-4ABE-B563-DEDE5A5486E8}
	EndGlobalSection
EndGlobal
